// !$*UTF8*$!
{
	archiveVersion = 1;
	classes = {
	};
	objectVersion = 77;
	objects = {

/* Begin PBXBuildFile section */
		5D0F2D5E2F7529C700CC830B /* padtap Watch App.app in Embed Watch Content */ = {isa = PBXBuildFile; fileRef = 5D0F2D5D2F7529C700CC830B /* padtap Watch App.app */; settings = {ATTRIBUTES = (RemoveHeadersOnCopy, ); }; };
/* End PBXBuildFile section */

/* Begin PBXContainerItemProxy section */
		5D0F2D5F2F7529C700CC830B /* PBXContainerItemProxy */ = {
			isa = PBXContainerItemProxy;
			containerPortal = 5D0F2D512F7529C700CC830B /* Project object */;
			proxyType = 1;
			remoteGlobalIDString = 5D0F2D5C2F7529C700CC830B;
			remoteInfo = "padtap Watch App";
		};
		5D0F2D6D2F7529C800CC830B /* PBXContainerItemProxy */ = {
			isa = PBXContainerItemProxy;
			containerPortal = 5D0F2D512F7529C700CC830B /* Project object */;
			proxyType = 1;
			remoteGlobalIDString = 5D0F2D5C2F7529C700CC830B;
			remoteInfo = "padtap Watch App";
		};
		5D0F2D772F7529C800CC830B /* PBXContainerItemProxy */ = {
			isa = PBXContainerItemProxy;
			containerPortal = 5D0F2D512F7529C700CC830B /* Project object */;
			proxyType = 1;
			remoteGlobalIDString = 5D0F2D5C2F7529C700CC830B;
			remoteInfo = "padtap Watch App";
		};
/* End PBXContainerItemProxy section */

/* Begin PBXCopyFilesBuildPhase section */
		5D0F2D832F7529C800CC830B /* Embed Watch Content */ = {
			isa = PBXCopyFilesBuildPhase;
			buildActionMask = 2147483647;
			dstPath = "$(CONTENTS_FOLDER_PATH)/Watch";
			dstSubfolderSpec = 16;
			files = (
				5D0F2D5E2F7529C700CC830B /* padtap Watch App.app in Embed Watch Content */,
			);
			name = "Embed Watch Content";
			runOnlyForDeploymentPostprocessing = 0;
		};
/* End PBXCopyFilesBuildPhase section */

/* Begin PBXFileReference section */
		5D0F2D572F7529C700CC830B /* padtap.app */ = {isa = PBXFileReference; explicitFileType = wrapper.application; includeInIndex = 0; path = padtap.app; sourceTree = BUILT_PRODUCTS_DIR; };
		5D0F2D5D2F7529C700CC830B /* padtap Watch App.app */ = {isa = PBXFileReference; explicitFileType = wrapper.application; includeInIndex = 0; path = "padtap Watch App.app"; sourceTree = BUILT_PRODUCTS_DIR; };
		5D0F2D6C2F7529C800CC830B /* padtap Watch AppTests.xctest */ = {isa = PBXFileReference; explicitFileType = wrapper.cfbundle; includeInIndex = 0; path = "padtap Watch AppTests.xctest"; sourceTree = BUILT_PRODUCTS_DIR; };
		5D0F2D762F7529C800CC830B /* padtap Watch AppUITests.xctest */ = {isa = PBXFileReference; explicitFileType = wrapper.cfbundle; includeInIndex = 0; path = "padtap Watch AppUITests.xctest"; sourceTree = BUILT_PRODUCTS_DIR; };
/* End PBXFileReference section */

/* Begin PBXFileSystemSynchronizedRootGroup section */
		5D0F2D612F7529C700CC830B /* padtap Watch App */ = {
			isa = PBXFileSystemSynchronizedRootGroup;
			path = "padtap Watch App";
			sourceTree = "<group>";
		};
		5D0F2D6F2F7529C800CC830B /* padtap Watch AppTests */ = {
			isa = PBXFileSystemSynchronizedRootGroup;
			path = "padtap Watch AppTests";
			sourceTree = "<group>";
		};
		5D0F2D792F7529C800CC830B /* padtap Watch AppUITests */ = {
			isa = PBXFileSystemSynchronizedRootGroup;
			path = "padtap Watch AppUITests";
			sourceTree = "<group>";
		};
/* End PBXFileSystemSynchronizedRootGroup section */

/* Begin PBXFrameworksBuildPhase section */
		5D0F2D5A2F7529C700CC830B /* Frameworks */ = {
			isa = PBXFrameworksBuildPhase;
			buildActionMask = 2147483647;
			files = (
			);
			runOnlyForDeploymentPostprocessing = 0;
		};
		5D0F2D692F7529C800CC830B /* Frameworks */ = {
			isa = PBXFrameworksBuildPhase;
			buildActionMask = 2147483647;
			files = (
			);
			runOnlyForDeploymentPostprocessing = 0;
		};
		5D0F2D732F7529C800CC830B /* Frameworks */ = {
			isa = PBXFrameworksBuildPhase;
			buildActionMask = 2147483647;
			files = (
			);
			runOnlyForDeploymentPostprocessing = 0;
		};
/* End PBXFrameworksBuildPhase section */

/* Begin PBXGroup section */
		5D0F2D502F7529C700CC830B = {
			isa = PBXGroup;
			children = (
				5D0F2D612F7529C700CC830B /* padtap Watch App */,
				5D0F2D6F2F7529C800CC830B /* padtap Watch AppTests */,
				5D0F2D792F7529C800CC830B /* padtap Watch AppUITests */,
				5D0F2D582F7529C700CC830B /* Products */,
			);
			sourceTree = "<group>";
		};
		5D0F2D582F7529C700CC830B /* Products */ = {
			isa = PBXGroup;
			children = (
				5D0F2D572F7529C700CC830B /* padtap.app */,
				5D0F2D5D2F7529C700CC830B /* padtap Watch App.app */,
				5D0F2D6C2F7529C800CC830B /* padtap Watch AppTests.xctest */,
				5D0F2D762F7529C800CC830B /* padtap Watch AppUITests.xctest */,
			);
			name = Products;
			sourceTree = "<group>";
		};
/* End PBXGroup section */

/* Begin PBXNativeTarget section */
		5D0F2D562F7529C700CC830B /* padtap */ = {
			isa = PBXNativeTarget;
			buildConfigurationList = 5D0F2D842F7529C800CC830B /* Build configuration list for PBXNativeTarget "padtap" */;
			buildPhases = (
				5D0F2D552F7529C700CC830B /* Resources */,
				5D0F2D832F7529C800CC830B /* Embed Watch Content */,
			);
			buildRules = (
			);
			dependencies = (
				5D0F2D602F7529C700CC830B /* PBXTargetDependency */,
			);
			name = padtap;
			packageProductDependencies = (
			);
			productName = padtap;
			productReference = 5D0F2D572F7529C700CC830B /* padtap.app */;
			productType = "com.apple.product-type.application.watchapp2-container";
		};
		5D0F2D5C2F7529C700CC830B /* padtap Watch App */ = {
			isa = PBXNativeTarget;
			buildConfigurationList = 5D0F2D802F7529C800CC830B /* Build configuration list for PBXNativeTarget "padtap Watch App" */;
			buildPhases = (
				5D0F2D592F7529C700CC830B /* Sources */,
				5D0F2D5A2F7529C700CC830B /* Frameworks */,
				5D0F2D5B2F7529C700CC830B /* Resources */,
			);
			buildRules = (
			);
			dependencies = (
			);
			fileSystemSynchronizedGroups = (
				5D0F2D612F7529C700CC830B /* padtap Watch App */,
			);
			name = "padtap Watch App";
			packageProductDependencies = (
			);
			productName = "padtap Watch App";
			productReference = 5D0F2D5D2F7529C700CC830B /* padtap Watch App.app */;
			productType = "com.apple.product-type.application";
		};
		5D0F2D6B2F7529C800CC830B /* padtap Watch AppTests */ = {
			isa = PBXNativeTarget;
			buildConfigurationList = 5D0F2D872F7529C800CC830B /* Build configuration list for PBXNativeTarget "padtap Watch AppTests" */;
			buildPhases = (
				5D0F2D682F7529C800CC830B /* Sources */,
				5D0F2D692F7529C800CC830B /* Frameworks */,
				5D0F2D6A2F7529C800CC830B /* Resources */,
			);
			buildRules = (
			);
			dependencies = (
				5D0F2D6E2F7529C800CC830B /* PBXTargetDependency */,
			);
			fileSystemSynchronizedGroups = (
				5D0F2D6F2F7529C800CC830B /* padtap Watch AppTests */,
			);
			name = "padtap Watch AppTests";
			packageProductDependencies = (
			);
			productName = "padtap Watch AppTests";
			productReference = 5D0F2D6C2F7529C800CC830B /* padtap Watch AppTests.xctest */;
			productType = "com.apple.product-type.bundle.unit-test";
		};
		5D0F2D752F7529C800CC830B /* padtap Watch AppUITests */ = {
			isa = PBXNativeTarget;
			buildConfigurationList = 5D0F2D8A2F7529C800CC830B /* Build configuration list for PBXNativeTarget "padtap Watch AppUITests" */;
			buildPhases = (
				5D0F2D722F7529C800CC830B /* Sources */,
				5D0F2D732F7529C800CC830B /* Frameworks */,
				5D0F2D742F7529C800CC830B /* Resources */,
			);
			buildRules = (
			);
			dependencies = (
				5D0F2D782F7529C800CC830B /* PBXTargetDependency */,
			);
			fileSystemSynchronizedGroups = (
				5D0F2D792F7529C800CC830B /* padtap Watch AppUITests */,
			);
			name = "padtap Watch AppUITests";
			packageProductDependencies = (
			);
			productName = "padtap Watch AppUITests";
			productReference = 5D0F2D762F7529C800CC830B /* padtap Watch AppUITests.xctest */;
			productType = "com.apple.product-type.bundle.ui-testing";
		};
/* End PBXNativeTarget section */

/* Begin PBXProject section */
		5D0F2D512F7529C700CC830B /* Project object */ = {
			isa = PBXProject;
			attributes = {
				BuildIndependentTargetsInParallel = 1;
				LastSwiftUpdateCheck = 2630;
				LastUpgradeCheck = 2630;
				TargetAttributes = {
					5D0F2D562F7529C700CC830B = {
						CreatedOnToolsVersion = 26.3;
					};
					5D0F2D5C2F7529C700CC830B = {
						CreatedOnToolsVersion = 26.3;
					};
					5D0F2D6B2F7529C800CC830B = {
						CreatedOnToolsVersion = 26.3;
						TestTargetID = 5D0F2D5C2F7529C700CC830B;
					};
					5D0F2D752F7529C800CC830B = {
						CreatedOnToolsVersion = 26.3;
						TestTargetID = 5D0F2D5C2F7529C700CC830B;
					};
				};
			};
			buildConfigurationList = 5D0F2D542F7529C700CC830B /* Build configuration list for PBXProject "padtap" */;
			developmentRegion = en;
			hasScannedForEncodings = 0;
			knownRegions = (
				en,
				Base,
			);
			mainGroup = 5D0F2D502F7529C700CC830B;
			minimizedProjectReferenceProxies = 1;
			preferredProjectObjectVersion = 77;
			productRefGroup = 5D0F2D582F7529C700CC830B /* Products */;
			projectDirPath = "";
			projectRoot = "";
			targets = (
				5D0F2D562F7529C700CC830B /* padtap */,
				5D0F2D5C2F7529C700CC830B /* padtap Watch App */,
				5D0F2D6B2F7529C800CC830B /* padtap Watch AppTests */,
				5D0F2D752F7529C800CC830B /* padtap Watch AppUITests */,
			);
		};
/* End PBXProject section */

/* Begin PBXResourcesBuildPhase section */
		5D0F2D552F7529C700CC830B /* Resources */ = {
			isa = PBXResourcesBuildPhase;
			buildActionMask = 2147483647;
			files = (
			);
			runOnlyForDeploymentPostprocessing = 0;
		};
		5D0F2D5B2F7529C700CC830B /* Resources */ = {
			isa = PBXResourcesBuildPhase;
			buildActionMask = 2147483647;
			files = (
			);
			runOnlyForDeploymentPostprocessing = 0;
		};
		5D0F2D6A2F7529C800CC830B /* Resources */ = {
			isa = PBXResourcesBuildPhase;
			buildActionMask = 2147483647;
			files = (
			);
			runOnlyForDeploymentPostprocessing = 0;
		};
		5D0F2D742F7529C800CC830B /* Resources */ = {
			isa = PBXResourcesBuildPhase;
			buildActionMask = 2147483647;
			files = (
			);
			runOnlyForDeploymentPostprocessing = 0;
		};
/* End PBXResourcesBuildPhase section */

/* Begin PBXSourcesBuildPhase section */
		5D0F2D592F7529C700CC830B /* Sources */ = {
			isa = PBXSourcesBuildPhase;
			buildActionMask = 2147483647;
			files = (
			);
			runOnlyForDeploymentPostprocessing = 0;
		};
		5D0F2D682F7529C800CC830B /* Sources */ = {
			isa = PBXSourcesBuildPhase;
			buildActionMask = 2147483647;
			files = (
			);
			runOnlyForDeploymentPostprocessing = 0;
		};
		5D0F2D722F7529C800CC830B /* Sources */ = {
			isa = PBXSourcesBuildPhase;
			buildActionMask = 2147483647;
			files = (
			);
			runOnlyForDeploymentPostprocessing = 0;
		};
/* End PBXSourcesBuildPhase section */

/* Begin PBXTargetDependency section */
		5D0F2D602F7529C700CC830B /* PBXTargetDependency */ = {
			isa = PBXTargetDependency;
			target = 5D0F2D5C2F7529C700CC830B /* padtap Watch App */;
			targetProxy = 5D0F2D5F2F7529C700CC830B /* PBXContainerItemProxy */;
		};
		5D0F2D6E2F7529C800CC830B /* PBXTargetDependency */ = {
			isa = PBXTargetDependency;
			target = 5D0F2D5C2F7529C700CC830B /* padtap Watch App */;
			targetProxy = 5D0F2D6D2F7529C800CC830B /* PBXContainerItemProxy */;
		};
		5D0F2D782F7529C800CC830B /* PBXTargetDependency */ = {
			isa = PBXTargetDependency;
			target = 5D0F2D5C2F7529C700CC830B /* padtap Watch App */;
			targetProxy = 5D0F2D772F7529C800CC830B /* PBXContainerItemProxy */;
		};
/* End PBXTargetDependency section */

/* Begin XCBuildConfiguration section */
		5D0F2D7E2F7529C800CC830B /* Debug */ = {
			isa = XCBuildConfiguration;
			buildSettings = {
				ALWAYS_SEARCH_USER_PATHS = NO;
				ASSETCATALOG_COMPILER_GENERATE_SWIFT_ASSET_SYMBOL_EXTENSIONS = YES;
				CLANG_ANALYZER_NONNULL = YES;
				CLANG_ANALYZER_NUMBER_OBJECT_CONVERSION = YES_AGGRESSIVE;
				CLANG_CXX_LANGUAGE_STANDARD = "gnu++20";
				CLANG_ENABLE_MODULES = YES;
				CLANG_ENABLE_OBJC_ARC = YES;
				CLANG_ENABLE_OBJC_WEAK = YES;
				CLANG_WARN_BLOCK_CAPTURE_AUTORELEASING = YES;
				CLANG_WARN_BOOL_CONVERSION = YES;
				CLANG_WARN_COMMA = YES;
				CLANG_WARN_CONSTANT_CONVERSION = YES;
				CLANG_WARN_DEPRECATED_OBJC_IMPLEMENTATIONS = YES;
				CLANG_WARN_DIRECT_OBJC_ISA_USAGE = YES_ERROR;
				CLANG_WARN_DOCUMENTATION_COMMENTS = YES;
				CLANG_WARN_EMPTY_BODY = YES;
				CLANG_WARN_ENUM_CONVERSION = YES;
				CLANG_WARN_INFINITE_RECURSION = YES;
				CLANG_WARN_INT_CONVERSION = YES;
				CLANG_WARN_NON_LITERAL_NULL_CONVERSION = YES;
				CLANG_WARN_OBJC_IMPLICIT_RETAIN_SELF = YES;
				CLANG_WARN_OBJC_LITERAL_CONVERSION = YES;
				CLANG_WARN_OBJC_ROOT_CLASS = YES_ERROR;
				CLANG_WARN_QUOTED_INCLUDE_IN_FRAMEWORK_HEADER = YES;
				CLANG_WARN_RANGE_LOOP_ANALYSIS = YES;
				CLANG_WARN_STRICT_PROTOTYPES = YES;
				CLANG_WARN_SUSPICIOUS_MOVE = YES;
				CLANG_WARN_UNGUARDED_AVAILABILITY = YES_AGGRESSIVE;
				CLANG_WARN_UNREACHABLE_CODE = YES;
				CLANG_WARN__DUPLICATE_METHOD_MATCH = YES;
				COPY_PHASE_STRIP = NO;
				DEBUG_INFORMATION_FORMAT = dwarf;
				DEVELOPMENT_TEAM = 75GD5R2DGN;
				ENABLE_STRICT_OBJC_MSGSEND = YES;
				ENABLE_TESTABILITY = YES;
				ENABLE_USER_SCRIPT_SANDBOXING = YES;
				GCC_C_LANGUAGE_STANDARD = gnu17;
				GCC_DYNAMIC_NO_PIC = NO;
				GCC_NO_COMMON_BLOCKS = YES;
				GCC_OPTIMIZATION_LEVEL = 0;
				GCC_PREPROCESSOR_DEFINITIONS = (
					"DEBUG=1",
					"$(inherited)",
				);
				GCC_WARN_64_TO_32_BIT_CONVERSION = YES;
				GCC_WARN_ABOUT_RETURN_TYPE = YES_ERROR;
				GCC_WARN_UNDECLARED_SELECTOR = YES;
				GCC_WARN_UNINITIALIZED_AUTOS = YES_AGGRESSIVE;
				GCC_WARN_UNUSED_FUNCTION = YES;
				GCC_WARN_UNUSED_VARIABLE = YES;
				LOCALIZATION_PREFERS_STRING_CATALOGS = YES;
				MTL_ENABLE_DEBUG_INFO = INCLUDE_SOURCE;
				MTL_FAST_MATH = YES;
				ONLY_ACTIVE_ARCH = YES;
				SWIFT_ACTIVE_COMPILATION_CONDITIONS = "DEBUG $(inherited)";
				SWIFT_OPTIMIZATION_LEVEL = "-Onone";
			};
			name = Debug;
		};
		5D0F2D7F2F7529C800CC830B /* Release */ = {
			isa = XCBuildConfiguration;
			buildSettings = {
				ALWAYS_SEARCH_USER_PATHS = NO;
				ASSETCATALOG_COMPILER_GENERATE_SWIFT_ASSET_SYMBOL_EXTENSIONS = YES;
				CLANG_ANALYZER_NONNULL = YES;
				CLANG_ANALYZER_NUMBER_OBJECT_CONVERSION = YES_AGGRESSIVE;
				CLANG_CXX_LANGUAGE_STANDARD = "gnu++20";
				CLANG_ENABLE_MODULES = YES;
				CLANG_ENABLE_OBJC_ARC = YES;
				CLANG_ENABLE_OBJC_WEAK = YES;
				CLANG_WARN_BLOCK_CAPTURE_AUTORELEASING = YES;
				CLANG_WARN_BOOL_CONVERSION = YES;
				CLANG_WARN_COMMA = YES;
				CLANG_WARN_CONSTANT_CONVERSION = YES;
				CLANG_WARN_DEPRECATED_OBJC_IMPLEMENTATIONS = YES;
				CLANG_WARN_DIRECT_OBJC_ISA_USAGE = YES_ERROR;
				CLANG_WARN_DOCUMENTATION_COMMENTS = YES;
				CLANG_WARN_EMPTY_BODY = YES;
				CLANG_WARN_ENUM_CONVERSION = YES;
				CLANG_WARN_INFINITE_RECURSION = YES;
				CLANG_WARN_INT_CONVERSION = YES;
				CLANG_WARN_NON_LITERAL_NULL_CONVERSION = YES;
				CLANG_WARN_OBJC_IMPLICIT_RETAIN_SELF = YES;
				CLANG_WARN_OBJC_LITERAL_CONVERSION = YES;
				CLANG_WARN_OBJC_ROOT_CLASS = YES_ERROR;
				CLANG_WARN_QUOTED_INCLUDE_IN_FRAMEWORK_HEADER = YES;
				CLANG_WARN_RANGE_LOOP_ANALYSIS = YES;
				CLANG_WARN_STRICT_PROTOTYPES = YES;
				CLANG_WARN_SUSPICIOUS_MOVE = YES;
				CLANG_WARN_UNGUARDED_AVAILABILITY = YES_AGGRESSIVE;
				CLANG_WARN_UNREACHABLE_CODE = YES;
				CLANG_WARN__DUPLICATE_METHOD_MATCH = YES;
				COPY_PHASE_STRIP = NO;
				DEBUG_INFORMATION_FORMAT = "dwarf-with-dsym";
				DEVELOPMENT_TEAM = 75GD5R2DGN;
				ENABLE_NS_ASSERTIONS = NO;
				ENABLE_STRICT_OBJC_MSGSEND = YES;
				ENABLE_USER_SCRIPT_SANDBOXING = YES;
				GCC_C_LANGUAGE_STANDARD = gnu17;
				GCC_NO_COMMON_BLOCKS = YES;
				GCC_WARN_64_TO_32_BIT_CONVERSION = YES;
				GCC_WARN_ABOUT_RETURN_TYPE = YES_ERROR;
				GCC_WARN_UNDECLARED_SELECTOR = YES;
				GCC_WARN_UNINITIALIZED_AUTOS = YES_AGGRESSIVE;
				GCC_WARN_UNUSED_FUNCTION = YES;
				GCC_WARN_UNUSED_VARIABLE = YES;
				LOCALIZATION_PREFERS_STRING_CATALOGS = YES;
				MTL_ENABLE_DEBUG_INFO = NO;
				MTL_FAST_MATH = YES;
				SWIFT_COMPILATION_MODE = wholemodule;
			};
			name = Release;
		};
		5D0F2D812F7529C800CC830B /* Debug */ = {
			isa = XCBuildConfiguration;
			buildSettings = {
				ASSETCATALOG_COMPILER_APPICON_NAME = AppIcon;
				ASSETCATALOG_COMPILER_GLOBAL_ACCENT_COLOR_NAME = AccentColor;
				CODE_SIGN_STYLE = Automatic;
				CURRENT_PROJECT_VERSION = 1;
				DEVELOPMENT_TEAM = 75GD5R2DGN;
				ENABLE_PREVIEWS = YES;
				GENERATE_INFOPLIST_FILE = YES;
				INFOPLIST_KEY_CFBundleDisplayName = padtap;
				INFOPLIST_KEY_UISupportedInterfaceOrientations = "UIInterfaceOrientationPortrait UIInterfaceOrientationPortraitUpsideDown";
				INFOPLIST_KEY_WKWatchOnly = YES;
				LD_RUNPATH_SEARCH_PATHS = (
					"$(inherited)",
					"@executable_path/Frameworks",
				);
				MARKETING_VERSION = 1.0;
				PRODUCT_BUNDLE_IDENTIFIER = de.marcelkraas.padtap.watchkitapp;
				PRODUCT_NAME = "$(TARGET_NAME)";
				SDKROOT = watchos;
				SKIP_INSTALL = YES;
				STRING_CATALOG_GENERATE_SYMBOLS = YES;
				SWIFT_APPROACHABLE_CONCURRENCY = YES;
				SWIFT_DEFAULT_ACTOR_ISOLATION = MainActor;
				SWIFT_EMIT_LOC_STRINGS = YES;
				SWIFT_UPCOMING_FEATURE_MEMBER_IMPORT_VISIBILITY = YES;
				SWIFT_VERSION = 5.0;
				TARGETED_DEVICE_FAMILY = 4;
				WATCHOS_DEPLOYMENT_TARGET = 10.0;
			};
			name = Debug;
		};
		5D0F2D822F7529C800CC830B /* Release */ = {
			isa = XCBuildConfiguration;
			buildSettings = {
				ASSETCATALOG_COMPILER_APPICON_NAME = AppIcon;
				ASSETCATALOG_COMPILER_GLOBAL_ACCENT_COLOR_NAME = AccentColor;
				CODE_SIGN_STYLE = Automatic;
				CURRENT_PROJECT_VERSION = 1;
				DEVELOPMENT_TEAM = 75GD5R2DGN;
				ENABLE_PREVIEWS = YES;
				GENERATE_INFOPLIST_FILE = YES;
				INFOPLIST_KEY_CFBundleDisplayName = padtap;
				INFOPLIST_KEY_UISupportedInterfaceOrientations = "UIInterfaceOrientationPortrait UIInterfaceOrientationPortraitUpsideDown";
				INFOPLIST_KEY_WKWatchOnly = YES;
				LD_RUNPATH_SEARCH_PATHS = (
					"$(inherited)",
					"@executable_path/Frameworks",
				);
				MARKETING_VERSION = 1.0;
				PRODUCT_BUNDLE_IDENTIFIER = de.marcelkraas.padtap.watchkitapp;
				PRODUCT_NAME = "$(TARGET_NAME)";
				SDKROOT = watchos;
				SKIP_INSTALL = YES;
				STRING_CATALOG_GENERATE_SYMBOLS = YES;
				SWIFT_APPROACHABLE_CONCURRENCY = YES;
				SWIFT_DEFAULT_ACTOR_ISOLATION = MainActor;
				SWIFT_EMIT_LOC_STRINGS = YES;
				SWIFT_UPCOMING_FEATURE_MEMBER_IMPORT_VISIBILITY = YES;
				SWIFT_VERSION = 5.0;
				TARGETED_DEVICE_FAMILY = 4;
				VALIDATE_PRODUCT = YES;
				WATCHOS_DEPLOYMENT_TARGET = 10.0;
			};
			name = Release;
		};
		5D0F2D852F7529C800CC830B /* Debug */ = {
			isa = XCBuildConfiguration;
			buildSettings = {
				CODE_SIGN_STYLE = Automatic;
				CURRENT_PROJECT_VERSION = 1.4;
				DEVELOPMENT_TEAM = 75GD5R2DGN;
				INFOPLIST_KEY_CFBundleDisplayName = padtap;
				IPHONEOS_DEPLOYMENT_TARGET = 15.6;
				MARKETING_VERSION = 1.4;
				PRODUCT_BUNDLE_IDENTIFIER = de.marcelkraas.padtap;
				PRODUCT_NAME = "$(TARGET_NAME)";
				SDKROOT = iphoneos;
				SWIFT_APPROACHABLE_CONCURRENCY = YES;
				SWIFT_UPCOMING_FEATURE_MEMBER_IMPORT_VISIBILITY = YES;
				SWIFT_VERSION = 5.0;
			};
			name = Debug;
		};
		5D0F2D862F7529C800CC830B /* Release */ = {
			isa = XCBuildConfiguration;
			buildSettings = {
				CODE_SIGN_STYLE = Automatic;
				CURRENT_PROJECT_VERSION = 1.4;
				DEVELOPMENT_TEAM = 75GD5R2DGN;
				INFOPLIST_KEY_CFBundleDisplayName = padtap;
				IPHONEOS_DEPLOYMENT_TARGET = 15.6;
				MARKETING_VERSION = 1.4;
				PRODUCT_BUNDLE_IDENTIFIER = de.marcelkraas.padtap;
				PRODUCT_NAME = "$(TARGET_NAME)";
				SDKROOT = iphoneos;
				SWIFT_APPROACHABLE_CONCURRENCY = YES;
				SWIFT_UPCOMING_FEATURE_MEMBER_IMPORT_VISIBILITY = YES;
				SWIFT_VERSION = 5.0;
				VALIDATE_PRODUCT = YES;
			};
			name = Release;
		};
		5D0F2D882F7529C800CC830B /* Debug */ = {
			isa = XCBuildConfiguration;
			buildSettings = {
				BUNDLE_LOADER = "$(TEST_HOST)";
				CODE_SIGN_STYLE = Automatic;
				CURRENT_PROJECT_VERSION = 1;
				DEVELOPMENT_TEAM = 75GD5R2DGN;
				GENERATE_INFOPLIST_FILE = YES;
				MARKETING_VERSION = 1.0;
				PRODUCT_BUNDLE_IDENTIFIER = "de.marcelkraas.padtap-Watch-AppTests";
				PRODUCT_NAME = "$(TARGET_NAME)";
				SDKROOT = watchos;
				STRING_CATALOG_GENERATE_SYMBOLS = NO;
				SWIFT_APPROACHABLE_CONCURRENCY = YES;
				SWIFT_EMIT_LOC_STRINGS = NO;
				SWIFT_UPCOMING_FEATURE_MEMBER_IMPORT_VISIBILITY = YES;
				SWIFT_VERSION = 5.0;
				TARGETED_DEVICE_FAMILY = 4;
				TEST_HOST = "$(BUILT_PRODUCTS_DIR)/padtap Watch App.app/$(BUNDLE_EXECUTABLE_FOLDER_PATH)/padtap Watch App";
				WATCHOS_DEPLOYMENT_TARGET = 10.0;
			};
			name = Debug;
		};
		5D0F2D892F7529C800CC830B /* Release */ = {
			isa = XCBuildConfiguration;
			buildSettings = {
				BUNDLE_LOADER = "$(TEST_HOST)";
				CODE_SIGN_STYLE = Automatic;
				CURRENT_PROJECT_VERSION = 1;
				DEVELOPMENT_TEAM = 75GD5R2DGN;
				GENERATE_INFOPLIST_FILE = YES;
				MARKETING_VERSION = 1.0;
				PRODUCT_BUNDLE_IDENTIFIER = "de.marcelkraas.padtap-Watch-AppTests";
				PRODUCT_NAME = "$(TARGET_NAME)";
				SDKROOT = watchos;
				STRING_CATALOG_GENERATE_SYMBOLS = NO;
				SWIFT_APPROACHABLE_CONCURRENCY = YES;
				SWIFT_EMIT_LOC_STRINGS = NO;
				SWIFT_UPCOMING_FEATURE_MEMBER_IMPORT_VISIBILITY = YES;
				SWIFT_VERSION = 5.0;
				TARGETED_DEVICE_FAMILY = 4;
				TEST_HOST = "$(BUILT_PRODUCTS_DIR)/padtap Watch App.app/$(BUNDLE_EXECUTABLE_FOLDER_PATH)/padtap Watch App";
				VALIDATE_PRODUCT = YES;
				WATCHOS_DEPLOYMENT_TARGET = 10.0;
			};
			name = Release;
		};
		5D0F2D8B2F7529C800CC830B /* Debug */ = {
			isa = XCBuildConfiguration;
			buildSettings = {
				CODE_SIGN_STYLE = Automatic;
				CURRENT_PROJECT_VERSION = 1;
				DEVELOPMENT_TEAM = 75GD5R2DGN;
				GENERATE_INFOPLIST_FILE = YES;
				MARKETING_VERSION = 1.0;
				PRODUCT_BUNDLE_IDENTIFIER = "de.marcelkraas.padtap-Watch-AppUITests";
				PRODUCT_NAME = "$(TARGET_NAME)";
				SDKROOT = watchos;
				STRING_CATALOG_GENERATE_SYMBOLS = NO;
				SWIFT_APPROACHABLE_CONCURRENCY = YES;
				SWIFT_EMIT_LOC_STRINGS = NO;
				SWIFT_UPCOMING_FEATURE_MEMBER_IMPORT_VISIBILITY = YES;
				SWIFT_VERSION = 5.0;
				TARGETED_DEVICE_FAMILY = 4;
				TEST_TARGET_NAME = "padtap Watch App";
				WATCHOS_DEPLOYMENT_TARGET = 10.0;
			};
			name = Debug;
		};
		5D0F2D8C2F7529C800CC830B /* Release */ = {
			isa = XCBuildConfiguration;
			buildSettings = {
				CODE_SIGN_STYLE = Automatic;
				CURRENT_PROJECT_VERSION = 1;
				DEVELOPMENT_TEAM = 75GD5R2DGN;
				GENERATE_INFOPLIST_FILE = YES;
				MARKETING_VERSION = 1.0;
				PRODUCT_BUNDLE_IDENTIFIER = "de.marcelkraas.padtap-Watch-AppUITests";
				PRODUCT_NAME = "$(TARGET_NAME)";
				SDKROOT = watchos;
				STRING_CATALOG_GENERATE_SYMBOLS = NO;
				SWIFT_APPROACHABLE_CONCURRENCY = YES;
				SWIFT_EMIT_LOC_STRINGS = NO;
				SWIFT_UPCOMING_FEATURE_MEMBER_IMPORT_VISIBILITY = YES;
				SWIFT_VERSION = 5.0;
				TARGETED_DEVICE_FAMILY = 4;
				TEST_TARGET_NAME = "padtap Watch App";
				VALIDATE_PRODUCT = YES;
				WATCHOS_DEPLOYMENT_TARGET = 10.0;
			};
			name = Release;
		};
/* End XCBuildConfiguration section */

/* Begin XCConfigurationList section */
		5D0F2D542F7529C700CC830B /* Build configuration list for PBXProject "padtap" */ = {
			isa = XCConfigurationList;
			buildConfigurations = (
				5D0F2D7E2F7529C800CC830B /* Debug */,
				5D0F2D7F2F7529C800CC830B /* Release */,
			);
			defaultConfigurationIsVisible = 0;
			defaultConfigurationName = Release;
		};
		5D0F2D802F7529C800CC830B /* Build configuration list for PBXNativeTarget "padtap Watch App" */ = {
			isa = XCConfigurationList;
			buildConfigurations = (
				5D0F2D812F7529C800CC830B /* Debug */,
				5D0F2D822F7529C800CC830B /* Release */,
			);
			defaultConfigurationIsVisible = 0;
			defaultConfigurationName = Release;
		};
		5D0F2D842F7529C800CC830B /* Build configuration list for PBXNativeTarget "padtap" */ = {
			isa = XCConfigurationList;
			buildConfigurations = (
				5D0F2D852F7529C800CC830B /* Debug */,
				5D0F2D862F7529C800CC830B /* Release */,
			);
			defaultConfigurationIsVisible = 0;
			defaultConfigurationName = Release;
		};
		5D0F2D872F7529C800CC830B /* Build configuration list for PBXNativeTarget "padtap Watch AppTests" */ = {
			isa = XCConfigurationList;
			buildConfigurations = (
				5D0F2D882F7529C800CC830B /* Debug */,
				5D0F2D892F7529C800CC830B /* Release */,
			);
			defaultConfigurationIsVisible = 0;
			defaultConfigurationName = Release;
		};
		5D0F2D8A2F7529C800CC830B /* Build configuration list for PBXNativeTarget "padtap Watch AppUITests" */ = {
			isa = XCConfigurationList;
			buildConfigurations = (
				5D0F2D8B2F7529C800CC830B /* Debug */,
				5D0F2D8C2F7529C800CC830B /* Release */,
			);
			defaultConfigurationIsVisible = 0;
			defaultConfigurationName = Release;
		};
/* End XCConfigurationList section */
	};
	rootObject = 5D0F2D512F7529C700CC830B /* Project object */;
}
